
Microsoft Visual Studio Solution File, Format Version 12.00
# Visual Studio Version 16
VisualStudioVersion = 16.0.29503.13
MinimumVisualStudioVersion = 10.0.40219.1
Project("{8BC9CEB8-8B4A-11D0-8D11-00A0C91BC942}") = "Test_bed", "Test_bed\Test_bed.vcxproj", "{1B1057ED-FC5B-44E6-B2E7-7788C1DE82B0}"
EndProject
Global
	GlobalSection(SolutionConfigurationPlatforms) = preSolution
		Debug|x64 = Debug|x64
		Debug|x86 = Debug|x86
		Release|x64 = Release|x64
		Release|x86 = Release|x86
	EndGlobalSection
	GlobalSection(ProjectConfigurationPlatforms) = postSolution
		{1B1057ED-FC5B-44E6-B2E7-7788C1DE82B0}.Debug|x64.ActiveCfg = Debug|x64
		{1B1057ED-FC5B-44E6-B2E7-7788C1DE82B0}.Debug|x64.Build.0 = Debug|x64
		{1B1057ED-FC5B-44E6-B2E7-7788C1DE82B0}.Debug|x86.ActiveCfg = Debug|Win32
		{1B1057ED-FC5B-44E6-B2E7-7788C1DE82B0}.Debug|x86.Build.0 = Debug|Win32
		{1B1057ED-FC5B-44E6-B2E7-7788C1DE82B0}.Release|x64.ActiveCfg = Release|x64
		{1B1057ED-FC5B-44E6-B2E7-7788C1DE82B0}.Release|x64.Build.0 = Release|x64
		{1B1057ED-FC5B-44E6-B2E7-7788C1DE82B0}.Release|x86.ActiveCfg = Release|Win32
		{1B1057ED-FC5B-44E6-B2E7-7788C1DE82B0}.Release|x86.Build.0 = Release|Win32
	EndGlobalSection
	GlobalSection(SolutionProperties) = preSolution
		HideSolutionNode = FALSE
	EndGlobalSection
	GlobalSection(ExtensibilityGlobals) = postSolution
		SolutionGuid = {7B143F16-B2BB-4C2C-9F20-51BA886CEF73}
	EndGlobalSection
EndGlobal
